// !$*UTF8*$!
{
	archiveVersion = 1;
	classes = {
	};
	objectVersion = 50;
	objects = {

/* Begin PBXBuildFile section */
		1E0BE9E026D47BA100F0E518 /* AppDelegate.swift in Sources */ = {isa = PBXBuildFile; fileRef = 1E0BE9DF26D47BA100F0E518 /* AppDelegate.swift */; };
		1E0BE9E226D47BA100F0E518 /* SceneDelegate.swift in Sources */ = {isa = PBXBuildFile; fileRef = 1E0BE9E126D47BA100F0E518 /* SceneDelegate.swift */; };
		1E0BE9E426D47BA100F0E518 /* ViewController.swift in Sources */ = {isa = PBXBuildFile; fileRef = 1E0BE9E326D47BA100F0E518 /* ViewController.swift */; };
		1E0BE9E726D47BA100F0E518 /* Main.storyboard in Resources */ = {isa = PBXBuildFile; fileRef = 1E0BE9E526D47BA100F0E518 /* Main.storyboard */; };
		1E0BE9E926D47BA200F0E518 /* Assets.xcassets in Resources */ = {isa = PBXBuildFile; fileRef = 1E0BE9E826D47BA200F0E518 /* Assets.xcassets */; };
		1E0BE9EC26D47BA200F0E518 /* LaunchScreen.storyboard in Resources */ = {isa = PBXBuildFile; fileRef = 1E0BE9EA26D47BA200F0E518 /* LaunchScreen.storyboard */; };
		1E0BE9F726D47BA200F0E518 /* ZatContactsTests.swift in Sources */ = {isa = PBXBuildFile; fileRef = 1E0BE9F626D47BA200F0E518 /* ZatContactsTests.swift */; };
		1E0BEA0226D47BA200F0E518 /* ZatContactsUITests.swift in Sources */ = {isa = PBXBuildFile; fileRef = 1E0BEA0126D47BA200F0E518 /* ZatContactsUITests.swift */; };
/* End PBXBuildFile section */

/* Begin PBXContainerItemProxy section */
		1E0BE9F326D47BA200F0E518 /* PBXContainerItemProxy */ = {
			isa = PBXContainerItemProxy;
			containerPortal = 1E0BE9D426D47BA100F0E518 /* Project object */;
			proxyType = 1;
			remoteGlobalIDString = 1E0BE9DB26D47BA100F0E518;
			remoteInfo = ZatContacts;
		};
		1E0BE9FE26D47BA200F0E518 /* PBXContainerItemProxy */ = {
			isa = PBXContainerItemProxy;
			containerPortal = 1E0BE9D426D47BA100F0E518 /* Project object */;
			proxyType = 1;
			remoteGlobalIDString = 1E0BE9DB26D47BA100F0E518;
			remoteInfo = ZatContacts;
		};
/* End PBXContainerItemProxy section */

/* Begin PBXFileReference section */
		1E0BE9DC26D47BA100F0E518 /* ZatContacts.app */ = {isa = PBXFileReference; explicitFileType = wrapper.application; includeInIndex = 0; path = ZatContacts.app; sourceTree = BUILT_PRODUCTS_DIR; };
		1E0BE9DF26D47BA100F0E518 /* AppDelegate.swift */ = {isa = PBXFileReference; lastKnownFileType = sourcecode.swift; path = AppDelegate.swift; sourceTree = "<group>"; };
		1E0BE9E126D47BA100F0E518 /* SceneDelegate.swift */ = {isa = PBXFileReference; lastKnownFileType = sourcecode.swift; path = SceneDelegate.swift; sourceTree = "<group>"; };
		1E0BE9E326D47BA100F0E518 /* ViewController.swift */ = {isa = PBXFileReference; lastKnownFileType = sourcecode.swift; path = ViewController.swift; sourceTree = "<group>"; };
		1E0BE9E626D47BA100F0E518 /* Base */ = {isa = PBXFileReference; lastKnownFileType = file.storyboard; name = Base; path = Base.lproj/Main.storyboard; sourceTree = "<group>"; };
		1E0BE9E826D47BA200F0E518 /* Assets.xcassets */ = {isa = PBXFileReference; lastKnownFileType = folder.assetcatalog; path = Assets.xcassets; sourceTree = "<group>"; };
		1E0BE9EB26D47BA200F0E518 /* Base */ = {isa = PBXFileReference; lastKnownFileType = file.storyboard; name = Base; path = Base.lproj/LaunchScreen.storyboard; sourceTree = "<group>"; };
		1E0BE9ED26D47BA200F0E518 /* Info.plist */ = {isa = PBXFileReference; lastKnownFileType = text.plist.xml; path = Info.plist; sourceTree = "<group>"; };
		1E0BE9F226D47BA200F0E518 /* ZatContactsTests.xctest */ = {isa = PBXFileReference; explicitFileType = wrapper.cfbundle; includeInIndex = 0; path = ZatContactsTests.xctest; sourceTree = BUILT_PRODUCTS_DIR; };
		1E0BE9F626D47BA200F0E518 /* ZatContactsTests.swift */ = {isa = PBXFileReference; lastKnownFileType = sourcecode.swift; path = ZatContactsTests.swift; sourceTree = "<group>"; };
		1E0BE9F826D47BA200F0E518 /* Info.plist */ = {isa = PBXFileReference; lastKnownFileType = text.plist.xml; path = Info.plist; sourceTree = "<group>"; };
		1E0BE9FD26D47BA200F0E518 /* ZatContactsUITests.xctest */ = {isa = PBXFileReference; explicitFileType = wrapper.cfbundle; includeInIndex = 0; path = ZatContactsUITests.xctest; sourceTree = BUILT_PRODUCTS_DIR; };
		1E0BEA0126D47BA200F0E518 /* ZatContactsUITests.swift */ = {isa = PBXFileReference; lastKnownFileType = sourcecode.swift; path = ZatContactsUITests.swift; sourceTree = "<group>"; };
		1E0BEA0326D47BA200F0E518 /* Info.plist */ = {isa = PBXFileReference; lastKnownFileType = text.plist.xml; path = Info.plist; sourceTree = "<group>"; };
/* End PBXFileReference section */

/* Begin PBXFrameworksBuildPhase section */
		1E0BE9D926D47BA100F0E518 /* Frameworks */ = {
			isa = PBXFrameworksBuildPhase;
			buildActionMask = 2147483647;
			files = (
			);
			runOnlyForDeploymentPostprocessing = 0;
		};
		1E0BE9EF26D47BA200F0E518 /* Frameworks */ = {
			isa = PBXFrameworksBuildPhase;
			buildActionMask = 2147483647;
			files = (
			);
			runOnlyForDeploymentPostprocessing = 0;
		};
		1E0BE9FA26D47BA200F0E518 /* Frameworks */ = {
			isa = PBXFrameworksBuildPhase;
			buildActionMask = 2147483647;
			files = (
			);
			runOnlyForDeploymentPostprocessing = 0;
		};
/* End PBXFrameworksBuildPhase section */

/* Begin PBXGroup section */
		1E0BE9D326D47BA100F0E518 = {
			isa = PBXGroup;
			children = (
				1E0BE9DE26D47BA100F0E518 /* ZatContacts */,
				1E0BE9F526D47BA200F0E518 /* ZatContactsTests */,
				1E0BEA0026D47BA200F0E518 /* ZatContactsUITests */,
				1E0BE9DD26D47BA100F0E518 /* Products */,
			);
			sourceTree = "<group>";
		};
		1E0BE9DD26D47BA100F0E518 /* Products */ = {
			isa = PBXGroup;
			children = (
				1E0BE9DC26D47BA100F0E518 /* ZatContacts.app */,
				1E0BE9F226D47BA200F0E518 /* ZatContactsTests.xctest */,
				1E0BE9FD26D47BA200F0E518 /* ZatContactsUITests.xctest */,
			);
			name = Products;
			sourceTree = "<group>";
		};
		1E0BE9DE26D47BA100F0E518 /* ZatContacts */ = {
			isa = PBXGroup;
			children = (
				1E0BE9DF26D47BA100F0E518 /* AppDelegate.swift */,
				1E0BE9E126D47BA100F0E518 /* SceneDelegate.swift */,
				1E0BE9E326D47BA100F0E518 /* ViewController.swift */,
				1E0BE9E526D47BA100F0E518 /* Main.storyboard */,
				1E0BE9E826D47BA200F0E518 /* Assets.xcassets */,
				1E0BE9EA26D47BA200F0E518 /* LaunchScreen.storyboard */,
				1E0BE9ED26D47BA200F0E518 /* Info.plist */,
			);
			path = ZatContacts;
			sourceTree = "<group>";
		};
		1E0BE9F526D47BA200F0E518 /* ZatContactsTests */ = {
			isa = PBXGroup;
			children = (
				1E0BE9F626D47BA200F0E518 /* ZatContactsTests.swift */,
				1E0BE9F826D47BA200F0E518 /* Info.plist */,
			);
			path = ZatContactsTests;
			sourceTree = "<group>";
		};
		1E0BEA0026D47BA200F0E518 /* ZatContactsUITests */ = {
			isa = PBXGroup;
			children = (
				1E0BEA0126D47BA200F0E518 /* ZatContactsUITests.swift */,
				1E0BEA0326D47BA200F0E518 /* Info.plist */,
			);
			path = ZatContactsUITests;
			sourceTree = "<group>";
		};
/* End PBXGroup section */

/* Begin PBXNativeTarget section */
		1E0BE9DB26D47BA100F0E518 /* ZatContacts */ = {
			isa = PBXNativeTarget;
			buildConfigurationList = 1E0BEA0626D47BA200F0E518 /* Build configuration list for PBXNativeTarget "ZatContacts" */;
			buildPhases = (
				1E0BE9D826D47BA100F0E518 /* Sources */,
				1E0BE9D926D47BA100F0E518 /* Frameworks */,
				1E0BE9DA26D47BA100F0E518 /* Resources */,
			);
			buildRules = (
			);
			dependencies = (
			);
			name = ZatContacts;
			productName = ZatContacts;
			productReference = 1E0BE9DC26D47BA100F0E518 /* ZatContacts.app */;
			productType = "com.apple.product-type.application";
		};
		1E0BE9F126D47BA200F0E518 /* ZatContactsTests */ = {
			isa = PBXNativeTarget;
			buildConfigurationList = 1E0BEA0926D47BA200F0E518 /* Build configuration list for PBXNativeTarget "ZatContactsTests" */;
			buildPhases = (
				1E0BE9EE26D47BA200F0E518 /* Sources */,
				1E0BE9EF26D47BA200F0E518 /* Frameworks */,
				1E0BE9F026D47BA200F0E518 /* Resources */,
			);
			buildRules = (
			);
			dependencies = (
				1E0BE9F426D47BA200F0E518 /* PBXTargetDependency */,
			);
			name = ZatContactsTests;
			productName = ZatContactsTests;
			productReference = 1E0BE9F226D47BA200F0E518 /* ZatContactsTests.xctest */;
			productType = "com.apple.product-type.bundle.unit-test";
		};
		1E0BE9FC26D47BA200F0E518 /* ZatContactsUITests */ = {
			isa = PBXNativeTarget;
			buildConfigurationList = 1E0BEA0C26D47BA200F0E518 /* Build configuration list for PBXNativeTarget "ZatContactsUITests" */;
			buildPhases = (
				1E0BE9F926D47BA200F0E518 /* Sources */,
				1E0BE9FA26D47BA200F0E518 /* Frameworks */,
				1E0BE9FB26D47BA200F0E518 /* Resources */,
			);
			buildRules = (
			);
			dependencies = (
				1E0BE9FF26D47BA200F0E518 /* PBXTargetDependency */,
			);
			name = ZatContactsUITests;
			productName = ZatContactsUITests;
			productReference = 1E0BE9FD26D47BA200F0E518 /* ZatContactsUITests.xctest */;
			productType = "com.apple.product-type.bundle.ui-testing";
		};
/* End PBXNativeTarget section */

/* Begin PBXProject section */
		1E0BE9D426D47BA100F0E518 /* Project object */ = {
			isa = PBXProject;
			attributes = {
				LastSwiftUpdateCheck = 1250;
				LastUpgradeCheck = 1250;
				TargetAttributes = {
					1E0BE9DB26D47BA100F0E518 = {
						CreatedOnToolsVersion = 12.5.1;
					};
					1E0BE9F126D47BA200F0E518 = {
						CreatedOnToolsVersion = 12.5.1;
						TestTargetID = 1E0BE9DB26D47BA100F0E518;
					};
					1E0BE9FC26D47BA200F0E518 = {
						CreatedOnToolsVersion = 12.5.1;
						TestTargetID = 1E0BE9DB26D47BA100F0E518;
					};
				};
			};
			buildConfigurationList = 1E0BE9D726D47BA100F0E518 /* Build configuration list for PBXProject "ZatContacts" */;
			compatibilityVersion = "Xcode 9.3";
			developmentRegion = en;
			hasScannedForEncodings = 0;
			knownRegions = (
				en,
				Base,
			);
			mainGroup = 1E0BE9D326D47BA100F0E518;
			productRefGroup = 1E0BE9DD26D47BA100F0E518 /* Products */;
			projectDirPath = "";
			projectRoot = "";
			targets = (
				1E0BE9DB26D47BA100F0E518 /* ZatContacts */,
				1E0BE9F126D47BA200F0E518 /* ZatContactsTests */,
				1E0BE9FC26D47BA200F0E518 /* ZatContactsUITests */,
			);
		};
/* End PBXProject section */

/* Begin PBXResourcesBuildPhase section */
		1E0BE9DA26D47BA100F0E518 /* Resources */ = {
			isa = PBXResourcesBuildPhase;
			buildActionMask = 2147483647;
			files = (
				1E0BE9EC26D47BA200F0E518 /* LaunchScreen.storyboard in Resources */,
				1E0BE9E926D47BA200F0E518 /* Assets.xcassets in Resources */,
				1E0BE9E726D47BA100F0E518 /* Main.storyboard in Resources */,
			);
			runOnlyForDeploymentPostprocessing = 0;
		};
		1E0BE9F026D47BA200F0E518 /* Resources */ = {
			isa = PBXResourcesBuildPhase;
			buildActionMask = 2147483647;
			files = (
			);
			runOnlyForDeploymentPostprocessing = 0;
		};
		1E0BE9FB26D47BA200F0E518 /* Resources */ = {
			isa = PBXResourcesBuildPhase;
			buildActionMask = 2147483647;
			files = (
			);
			runOnlyForDeploymentPostprocessing = 0;
		};
/* End PBXResourcesBuildPhase section */

/* Begin PBXSourcesBuildPhase section */
		1E0BE9D826D47BA100F0E518 /* Sources */ = {
			isa = PBXSourcesBuildPhase;
			buildActionMask = 2147483647;
			files = (
				1E0BE9E426D47BA100F0E518 /* ViewController.swift in Sources */,
				1E0BE9E026D47BA100F0E518 /* AppDelegate.swift in Sources */,
				1E0BE9E226D47BA100F0E518 /* SceneDelegate.swift in Sources */,
			);
			runOnlyForDeploymentPostprocessing = 0;
		};
		1E0BE9EE26D47BA200F0E518 /* Sources */ = {
			isa = PBXSourcesBuildPhase;
			buildActionMask = 2147483647;
			files = (
				1E0BE9F726D47BA200F0E518 /* ZatContactsTests.swift in Sources */,
			);
			runOnlyForDeploymentPostprocessing = 0;
		};
		1E0BE9F926D47BA200F0E518 /* Sources */ = {
			isa = PBXSourcesBuildPhase;
			buildActionMask = 2147483647;
			files = (
				1E0BEA0226D47BA200F0E518 /* ZatContactsUITests.swift in Sources */,
			);
			runOnlyForDeploymentPostprocessing = 0;
		};
/* End PBXSourcesBuildPhase section */

/* Begin PBXTargetDependency section */
		1E0BE9F426D47BA200F0E518 /* PBXTargetDependency */ = {
			isa = PBXTargetDependency;
			target = 1E0BE9DB26D47BA100F0E518 /* ZatContacts */;
			targetProxy = 1E0BE9F326D47BA200F0E518 /* PBXContainerItemProxy */;
		};
		1E0BE9FF26D47BA200F0E518 /* PBXTargetDependency */ = {
			isa = PBXTargetDependency;
			target = 1E0BE9DB26D47BA100F0E518 /* ZatContacts */;
			targetProxy = 1E0BE9FE26D47BA200F0E518 /* PBXContainerItemProxy */;
		};
/* End PBXTargetDependency section */

/* Begin PBXVariantGroup section */
		1E0BE9E526D47BA100F0E518 /* Main.storyboard */ = {
			isa = PBXVariantGroup;
			children = (
				1E0BE9E626D47BA100F0E518 /* Base */,
			);
			name = Main.storyboard;
			sourceTree = "<group>";
		};
		1E0BE9EA26D47BA200F0E518 /* LaunchScreen.storyboard */ = {
			isa = PBXVariantGroup;
			children = (
				1E0BE9EB26D47BA200F0E518 /* Base */,
			);
			name = LaunchScreen.storyboard;
			sourceTree = "<group>";
		};
/* End PBXVariantGroup section */

/* Begin XCBuildConfiguration section */
		1E0BEA0426D47BA200F0E518 /* Debug */ = {
			isa = XCBuildConfiguration;
			buildSettings = {
				ALWAYS_SEARCH_USER_PATHS = NO;
				CLANG_ANALYZER_NONNULL = YES;
				CLANG_ANALYZER_NUMBER_OBJECT_CONVERSION = YES_AGGRESSIVE;
				CLANG_CXX_LANGUAGE_STANDARD = "gnu++14";
				CLANG_CXX_LIBRARY = "libc++";
				CLANG_ENABLE_MODULES = YES;
				CLANG_ENABLE_OBJC_ARC = YES;
				CLANG_ENABLE_OBJC_WEAK = YES;
				CLANG_WARN_BLOCK_CAPTURE_AUTORELEASING = YES;
				CLANG_WARN_BOOL_CONVERSION = YES;
				CLANG_WARN_COMMA = YES;
				CLANG_WARN_CONSTANT_CONVERSION = YES;
				CLANG_WARN_DEPRECATED_OBJC_IMPLEMENTATIONS = YES;
				CLANG_WARN_DIRECT_OBJC_ISA_USAGE = YES_ERROR;
				CLANG_WARN_DOCUMENTATION_COMMENTS = YES;
				CLANG_WARN_EMPTY_BODY = YES;
				CLANG_WARN_ENUM_CONVERSION = YES;
				CLANG_WARN_INFINITE_RECURSION = YES;
				CLANG_WARN_INT_CONVERSION = YES;
				CLANG_WARN_NON_LITERAL_NULL_CONVERSION = YES;
				CLANG_WARN_OBJC_IMPLICIT_RETAIN_SELF = YES;
				CLANG_WARN_OBJC_LITERAL_CONVERSION = YES;
				CLANG_WARN_OBJC_ROOT_CLASS = YES_ERROR;
				CLANG_WARN_QUOTED_INCLUDE_IN_FRAMEWORK_HEADER = YES;
				CLANG_WARN_RANGE_LOOP_ANALYSIS = YES;
				CLANG_WARN_STRICT_PROTOTYPES = YES;
				CLANG_WARN_SUSPICIOUS_MOVE = YES;
				CLANG_WARN_UNGUARDED_AVAILABILITY = YES_AGGRESSIVE;
				CLANG_WARN_UNREACHABLE_CODE = YES;
				CLANG_WARN__DUPLICATE_METHOD_MATCH = YES;
				COPY_PHASE_STRIP = NO;
				DEBUG_INFORMATION_FORMAT = dwarf;
				ENABLE_STRICT_OBJC_MSGSEND = YES;
				ENABLE_TESTABILITY = YES;
				GCC_C_LANGUAGE_STANDARD = gnu11;
				GCC_DYNAMIC_NO_PIC = NO;
				GCC_NO_COMMON_BLOCKS = YES;
				GCC_OPTIMIZATION_LEVEL = 0;
				GCC_PREPROCESSOR_DEFINITIONS = (
					"DEBUG=1",
					"$(inherited)",
				);
				GCC_WARN_64_TO_32_BIT_CONVERSION = YES;
				GCC_WARN_ABOUT_RETURN_TYPE = YES_ERROR;
				GCC_WARN_UNDECLARED_SELECTOR = YES;
				GCC_WARN_UNINITIALIZED_AUTOS = YES_AGGRESSIVE;
				GCC_WARN_UNUSED_FUNCTION = YES;
				GCC_WARN_UNUSED_VARIABLE = YES;
				IPHONEOS_DEPLOYMENT_TARGET = 14.5;
				MTL_ENABLE_DEBUG_INFO = INCLUDE_SOURCE;
				MTL_FAST_MATH = YES;
				ONLY_ACTIVE_ARCH = YES;
				SDKROOT = iphoneos;
				SWIFT_ACTIVE_COMPILATION_CONDITIONS = DEBUG;
				SWIFT_OPTIMIZATION_LEVEL = "-Onone";
			};
			name = Debug;
		};
		1E0BEA0526D47BA200F0E518 /* Release */ = {
			isa = XCBuildConfiguration;
			buildSettings = {
				ALWAYS_SEARCH_USER_PATHS = NO;
				CLANG_ANALYZER_NONNULL = YES;
				CLANG_ANALYZER_NUMBER_OBJECT_CONVERSION = YES_AGGRESSIVE;
				CLANG_CXX_LANGUAGE_STANDARD = "gnu++14";
				CLANG_CXX_LIBRARY = "libc++";
				CLANG_ENABLE_MODULES = YES;
				CLANG_ENABLE_OBJC_ARC = YES;
				CLANG_ENABLE_OBJC_WEAK = YES;
				CLANG_WARN_BLOCK_CAPTURE_AUTORELEASING = YES;
				CLANG_WARN_BOOL_CONVERSION = YES;
				CLANG_WARN_COMMA = YES;
				CLANG_WARN_CONSTANT_CONVERSION = YES;
				CLANG_WARN_DEPRECATED_OBJC_IMPLEMENTATIONS = YES;
				CLANG_WARN_DIRECT_OBJC_ISA_USAGE = YES_ERROR;
				CLANG_WARN_DOCUMENTATION_COMMENTS = YES;
				CLANG_WARN_EMPTY_BODY = YES;
				CLANG_WARN_ENUM_CONVERSION = YES;
				CLANG_WARN_INFINITE_RECURSION = YES;
				CLANG_WARN_INT_CONVERSION = YES;
				CLANG_WARN_NON_LITERAL_NULL_CONVERSION = YES;
				CLANG_WARN_OBJC_IMPLICIT_RETAIN_SELF = YES;
				CLANG_WARN_OBJC_LITERAL_CONVERSION = YES;
				CLANG_WARN_OBJC_ROOT_CLASS = YES_ERROR;
				CLANG_WARN_QUOTED_INCLUDE_IN_FRAMEWORK_HEADER = YES;
				CLANG_WARN_RANGE_LOOP_ANALYSIS = YES;
				CLANG_WARN_STRICT_PROTOTYPES = YES;
				CLANG_WARN_SUSPICIOUS_MOVE = YES;
				CLANG_WARN_UNGUARDED_AVAILABILITY = YES_AGGRESSIVE;
				CLANG_WARN_UNREACHABLE_CODE = YES;
				CLANG_WARN__DUPLICATE_METHOD_MATCH = YES;
				COPY_PHASE_STRIP = NO;
				DEBUG_INFORMATION_FORMAT = "dwarf-with-dsym";
				ENABLE_NS_ASSERTIONS = NO;
				ENABLE_STRICT_OBJC_MSGSEND = YES;
				GCC_C_LANGUAGE_STANDARD = gnu11;
				GCC_NO_COMMON_BLOCKS = YES;
				GCC_WARN_64_TO_32_BIT_CONVERSION = YES;
				GCC_WARN_ABOUT_RETURN_TYPE = YES_ERROR;
				GCC_WARN_UNDECLARED_SELECTOR = YES;
				GCC_WARN_UNINITIALIZED_AUTOS = YES_AGGRESSIVE;
				GCC_WARN_UNUSED_FUNCTION = YES;
				GCC_WARN_UNUSED_VARIABLE = YES;
				IPHONEOS_DEPLOYMENT_TARGET = 14.5;
				MTL_ENABLE_DEBUG_INFO = NO;
				MTL_FAST_MATH = YES;
				SDKROOT = iphoneos;
				SWIFT_COMPILATION_MODE = wholemodule;
				SWIFT_OPTIMIZATION_LEVEL = "-O";
				VALIDATE_PRODUCT = YES;
			};
			name = Release;
		};
		1E0BEA0726D47BA200F0E518 /* Debug */ = {
			isa = XCBuildConfiguration;
			buildSettings = {
				ASSETCATALOG_COMPILER_APPICON_NAME = AppIcon;
				ASSETCATALOG_COMPILER_GLOBAL_ACCENT_COLOR_NAME = AccentColor;
				CODE_SIGN_STYLE = Automatic;
				DEVELOPMENT_TEAM = 7QL2BBMJJN;
				INFOPLIST_FILE = ZatContacts/Info.plist;
				LD_RUNPATH_SEARCH_PATHS = (
					"$(inherited)",
					"@executable_path/Frameworks",
				);
				PRODUCT_BUNDLE_IDENTIFIER = com.alexandercooper.ZatContacts;
				PRODUCT_NAME = "$(TARGET_NAME)";
				SWIFT_VERSION = 5.0;
				TARGETED_DEVICE_FAMILY = "1,2";
			};
			name = Debug;
		};
		1E0BEA0826D47BA200F0E518 /* Release */ = {
			isa = XCBuildConfiguration;
			buildSettings = {
				ASSETCATALOG_COMPILER_APPICON_NAME = AppIcon;
				ASSETCATALOG_COMPILER_GLOBAL_ACCENT_COLOR_NAME = AccentColor;
				CODE_SIGN_STYLE = Automatic;
				DEVELOPMENT_TEAM = 7QL2BBMJJN;
				INFOPLIST_FILE = ZatContacts/Info.plist;
				LD_RUNPATH_SEARCH_PATHS = (
					"$(inherited)",
					"@executable_path/Frameworks",
				);
				PRODUCT_BUNDLE_IDENTIFIER = com.alexandercooper.ZatContacts;
				PRODUCT_NAME = "$(TARGET_NAME)";
				SWIFT_VERSION = 5.0;
				TARGETED_DEVICE_FAMILY = "1,2";
			};
			name = Release;
		};
		1E0BEA0A26D47BA200F0E518 /* Debug */ = {
			isa = XCBuildConfiguration;
			buildSettings = {
				ALWAYS_EMBED_SWIFT_STANDARD_LIBRARIES = YES;
				BUNDLE_LOADER = "$(TEST_HOST)";
				CODE_SIGN_STYLE = Automatic;
				DEVELOPMENT_TEAM = 7QL2BBMJJN;
				INFOPLIST_FILE = ZatContactsTests/Info.plist;
				IPHONEOS_DEPLOYMENT_TARGET = 14.5;
				LD_RUNPATH_SEARCH_PATHS = (
					"$(inherited)",
					"@executable_path/Frameworks",
					"@loader_path/Frameworks",
				);
				PRODUCT_BUNDLE_IDENTIFIER = com.alexandercooper.ZatContactsTests;
				PRODUCT_NAME = "$(TARGET_NAME)";
				SWIFT_VERSION = 5.0;
				TARGETED_DEVICE_FAMILY = "1,2";
				TEST_HOST = "$(BUILT_PRODUCTS_DIR)/ZatContacts.app/ZatContacts";
			};
			name = Debug;
		};
		1E0BEA0B26D47BA200F0E518 /* Release */ = {
			isa = XCBuildConfiguration;
			buildSettings = {
				ALWAYS_EMBED_SWIFT_STANDARD_LIBRARIES = YES;
				BUNDLE_LOADER = "$(TEST_HOST)";
				CODE_SIGN_STYLE = Automatic;
				DEVELOPMENT_TEAM = 7QL2BBMJJN;
				INFOPLIST_FILE = ZatContactsTests/Info.plist;
				IPHONEOS_DEPLOYMENT_TARGET = 14.5;
				LD_RUNPATH_SEARCH_PATHS = (
					"$(inherited)",
					"@executable_path/Frameworks",
					"@loader_path/Frameworks",
				);
				PRODUCT_BUNDLE_IDENTIFIER = com.alexandercooper.ZatContactsTests;
				PRODUCT_NAME = "$(TARGET_NAME)";
				SWIFT_VERSION = 5.0;
				TARGETED_DEVICE_FAMILY = "1,2";
				TEST_HOST = "$(BUILT_PRODUCTS_DIR)/ZatContacts.app/ZatContacts";
			};
			name = Release;
		};
		1E0BEA0D26D47BA200F0E518 /* Debug */ = {
			isa = XCBuildConfiguration;
			buildSettings = {
				ALWAYS_EMBED_SWIFT_STANDARD_LIBRARIES = YES;
				CODE_SIGN_STYLE = Automatic;
				DEVELOPMENT_TEAM = 7QL2BBMJJN;
				INFOPLIST_FILE = ZatContactsUITests/Info.plist;
				LD_RUNPATH_SEARCH_PATHS = (
					"$(inherited)",
					"@executable_path/Frameworks",
					"@loader_path/Frameworks",
				);
				PRODUCT_BUNDLE_IDENTIFIER = com.alexandercooper.ZatContactsUITests;
				PRODUCT_NAME = "$(TARGET_NAME)";
				SWIFT_VERSION = 5.0;
				TARGETED_DEVICE_FAMILY = "1,2";
				TEST_TARGET_NAME = ZatContacts;
			};
			name = Debug;
		};
		1E0BEA0E26D47BA200F0E518 /* Release */ = {
			isa = XCBuildConfiguration;
			buildSettings = {
				ALWAYS_EMBED_SWIFT_STANDARD_LIBRARIES = YES;
				CODE_SIGN_STYLE = Automatic;
				DEVELOPMENT_TEAM = 7QL2BBMJJN;
				INFOPLIST_FILE = ZatContactsUITests/Info.plist;
				LD_RUNPATH_SEARCH_PATHS = (
					"$(inherited)",
					"@executable_path/Frameworks",
					"@loader_path/Frameworks",
				);
				PRODUCT_BUNDLE_IDENTIFIER = com.alexandercooper.ZatContactsUITests;
				PRODUCT_NAME = "$(TARGET_NAME)";
				SWIFT_VERSION = 5.0;
				TARGETED_DEVICE_FAMILY = "1,2";
				TEST_TARGET_NAME = ZatContacts;
			};
			name = Release;
		};
/* End XCBuildConfiguration section */

/* Begin XCConfigurationList section */
		1E0BE9D726D47BA100F0E518 /* Build configuration list for PBXProject "ZatContacts" */ = {
			isa = XCConfigurationList;
			buildConfigurations = (
				1E0BEA0426D47BA200F0E518 /* Debug */,
				1E0BEA0526D47BA200F0E518 /* Release */,
			);
			defaultConfigurationIsVisible = 0;
			defaultConfigurationName = Release;
		};
		1E0BEA0626D47BA200F0E518 /* Build configuration list for PBXNativeTarget "ZatContacts" */ = {
			isa = XCConfigurationList;
			buildConfigurations = (
				1E0BEA0726D47BA200F0E518 /* Debug */,
				1E0BEA0826D47BA200F0E518 /* Release */,
			);
			defaultConfigurationIsVisible = 0;
			defaultConfigurationName = Release;
		};
		1E0BEA0926D47BA200F0E518 /* Build configuration list for PBXNativeTarget "ZatContactsTests" */ = {
			isa = XCConfigurationList;
			buildConfigurations = (
				1E0BEA0A26D47BA200F0E518 /* Debug */,
				1E0BEA0B26D47BA200F0E518 /* Release */,
			);
			defaultConfigurationIsVisible = 0;
			defaultConfigurationName = Release;
		};
		1E0BEA0C26D47BA200F0E518 /* Build configuration list for PBXNativeTarget "ZatContactsUITests" */ = {
			isa = XCConfigurationList;
			buildConfigurations = (
				1E0BEA0D26D47BA200F0E518 /* Debug */,
				1E0BEA0E26D47BA200F0E518 /* Release */,
			);
			defaultConfigurationIsVisible = 0;
			defaultConfigurationName = Release;
		};
/* End XCConfigurationList section */
	};
	rootObject = 1E0BE9D426D47BA100F0E518 /* Project object */;
}
